
Microsoft Visual Studio Solution File, Format Version 12.00
# Visual Studio Version 17
VisualStudioVersion = 17.0.31903.59
MinimumVisualStudioVersion = 10.0.40219.1
Project("{FAE04EC0-301F-11D3-BF4B-00C04F79EFBC}") = "Web_API", "API\Web_API.csproj", "{452B6585-6482-417D-AF5A-CDF1669E4D22}"
EndProject
Project("{FAE04EC0-301F-11D3-BF4B-00C04F79EFBC}") = "Common", "Utilities\Common.csproj", "{BB0828D9-BD59-4342-BDC7-43F88DF02741}"
EndProject
Project("{FAE04EC0-301F-11D3-BF4B-00C04F79EFBC}") = "Services", "Services\Services.csproj", "{2FBA4B72-0FEB-4568-85EA-2D56C1BA980B}"
EndProject
Project("{FAE04EC0-301F-11D3-BF4B-00C04F79EFBC}") = "Data", "Data\Data.csproj", "{60731976-4374-4730-ADBC-7A2818E87FDB}"
EndProject
Project("{FAE04EC0-301F-11D3-BF4B-00C04F79EFBC}") = "Core", "Core\Core.csproj", "{DAD8A8A6-75CC-4F16-9877-3B39F47E9A9C}"
EndProject
Global
	GlobalSection(SolutionConfigurationPlatforms) = preSolution
		Debug|Any CPU = Debug|Any CPU
		Release|Any CPU = Release|Any CPU
	EndGlobalSection
	GlobalSection(SolutionProperties) = preSolution
		HideSolutionNode = FALSE
	EndGlobalSection
	GlobalSection(ProjectConfigurationPlatforms) = postSolution
		{452B6585-6482-417D-AF5A-CDF1669E4D22}.Debug|Any CPU.ActiveCfg = Debug|Any CPU
		{452B6585-6482-417D-AF5A-CDF1669E4D22}.Debug|Any CPU.Build.0 = Debug|Any CPU
		{452B6585-6482-417D-AF5A-CDF1669E4D22}.Release|Any CPU.ActiveCfg = Release|Any CPU
		{452B6585-6482-417D-AF5A-CDF1669E4D22}.Release|Any CPU.Build.0 = Release|Any CPU
		{BB0828D9-BD59-4342-BDC7-43F88DF02741}.Debug|Any CPU.ActiveCfg = Debug|Any CPU
		{BB0828D9-BD59-4342-BDC7-43F88DF02741}.Debug|Any CPU.Build.0 = Debug|Any CPU
		{BB0828D9-BD59-4342-BDC7-43F88DF02741}.Release|Any CPU.ActiveCfg = Release|Any CPU
		{BB0828D9-BD59-4342-BDC7-43F88DF02741}.Release|Any CPU.Build.0 = Release|Any CPU
		{2FBA4B72-0FEB-4568-85EA-2D56C1BA980B}.Debug|Any CPU.ActiveCfg = Debug|Any CPU
		{2FBA4B72-0FEB-4568-85EA-2D56C1BA980B}.Debug|Any CPU.Build.0 = Debug|Any CPU
		{2FBA4B72-0FEB-4568-85EA-2D56C1BA980B}.Release|Any CPU.ActiveCfg = Release|Any CPU
		{2FBA4B72-0FEB-4568-85EA-2D56C1BA980B}.Release|Any CPU.Build.0 = Release|Any CPU
		{60731976-4374-4730-ADBC-7A2818E87FDB}.Debug|Any CPU.ActiveCfg = Debug|Any CPU
		{60731976-4374-4730-ADBC-7A2818E87FDB}.Debug|Any CPU.Build.0 = Debug|Any CPU
		{60731976-4374-4730-ADBC-7A2818E87FDB}.Release|Any CPU.ActiveCfg = Release|Any CPU
		{60731976-4374-4730-ADBC-7A2818E87FDB}.Release|Any CPU.Build.0 = Release|Any CPU
		{DAD8A8A6-75CC-4F16-9877-3B39F47E9A9C}.Debug|Any CPU.ActiveCfg = Debug|Any CPU
		{DAD8A8A6-75CC-4F16-9877-3B39F47E9A9C}.Debug|Any CPU.Build.0 = Debug|Any CPU
		{DAD8A8A6-75CC-4F16-9877-3B39F47E9A9C}.Release|Any CPU.ActiveCfg = Release|Any CPU
		{DAD8A8A6-75CC-4F16-9877-3B39F47E9A9C}.Release|Any CPU.Build.0 = Release|Any CPU
	EndGlobalSection
EndGlobal
